// !$*UTF8*$!
{
	archiveVersion = 1;
	classes = {
	};
	objectVersion = 50;
	objects = {

/* Begin PBXBuildFile section */
		E2017EDD2466445B00E628F5 /* CityTableViewCell.swift in Sources */ = {isa = PBXBuildFile; fileRef = E2017EDC2466445B00E628F5 /* CityTableViewCell.swift */; };
		E2017EDF24664E6800E628F5 /* CuisineListViewController.swift in Sources */ = {isa = PBXBuildFile; fileRef = E2017EDE24664E6800E628F5 /* CuisineListViewController.swift */; };
		E20725B1246656D4005DDD60 /* PJPCityCuisineFetch.m in Sources */ = {isa = PBXBuildFile; fileRef = E20725B0246656D4005DDD60 /* PJPCityCuisineFetch.m */; };
		E20725B424671A55005DDD60 /* PJPCuisine.m in Sources */ = {isa = PBXBuildFile; fileRef = E20725B324671A55005DDD60 /* PJPCuisine.m */; };
		E20725B724674814005DDD60 /* PJPCityRestaurantsFetch.m in Sources */ = {isa = PBXBuildFile; fileRef = E20725B624674814005DDD60 /* PJPCityRestaurantsFetch.m */; };
		E20725B92467488F005DDD60 /* CityRestaurantListViewController.swift in Sources */ = {isa = PBXBuildFile; fileRef = E20725B82467488F005DDD60 /* CityRestaurantListViewController.swift */; };
		E20725BC24675193005DDD60 /* PJPRestaurant.m in Sources */ = {isa = PBXBuildFile; fileRef = E20725BB24675193005DDD60 /* PJPRestaurant.m */; };
		E2B5D9622464B84900D88593 /* AppDelegate.m in Sources */ = {isa = PBXBuildFile; fileRef = E2B5D9612464B84900D88593 /* AppDelegate.m */; };
		E2B5D9652464B84900D88593 /* SceneDelegate.m in Sources */ = {isa = PBXBuildFile; fileRef = E2B5D9642464B84900D88593 /* SceneDelegate.m */; };
		E2B5D96B2464B84900D88593 /* Main.storyboard in Resources */ = {isa = PBXBuildFile; fileRef = E2B5D9692464B84900D88593 /* Main.storyboard */; };
		E2B5D96D2464B84C00D88593 /* Assets.xcassets in Resources */ = {isa = PBXBuildFile; fileRef = E2B5D96C2464B84C00D88593 /* Assets.xcassets */; };
		E2B5D9702464B84C00D88593 /* LaunchScreen.storyboard in Resources */ = {isa = PBXBuildFile; fileRef = E2B5D96E2464B84C00D88593 /* LaunchScreen.storyboard */; };
		E2B5D9732464B84C00D88593 /* main.m in Sources */ = {isa = PBXBuildFile; fileRef = E2B5D9722464B84C00D88593 /* main.m */; };
		E2B5D97F2464B99E00D88593 /* PJPCityFetchController.m in Sources */ = {isa = PBXBuildFile; fileRef = E2B5D97E2464B99E00D88593 /* PJPCityFetchController.m */; };
		E2B5D9842464C3C200D88593 /* CitiesViewController.swift in Sources */ = {isa = PBXBuildFile; fileRef = E2B5D9832464C3C200D88593 /* CitiesViewController.swift */; };
		E2B5D9872464C84500D88593 /* PJPLocation.m in Sources */ = {isa = PBXBuildFile; fileRef = E2B5D9862464C84500D88593 /* PJPLocation.m */; };
/* End PBXBuildFile section */

/* Begin PBXFileReference section */
		E2017EDC2466445B00E628F5 /* CityTableViewCell.swift */ = {isa = PBXFileReference; lastKnownFileType = sourcecode.swift; path = CityTableViewCell.swift; sourceTree = "<group>"; };
		E2017EDE24664E6800E628F5 /* CuisineListViewController.swift */ = {isa = PBXFileReference; lastKnownFileType = sourcecode.swift; path = CuisineListViewController.swift; sourceTree = "<group>"; };
		E20725AF246656D4005DDD60 /* PJPCityCuisineFetch.h */ = {isa = PBXFileReference; lastKnownFileType = sourcecode.c.h; path = PJPCityCuisineFetch.h; sourceTree = "<group>"; };
		E20725B0246656D4005DDD60 /* PJPCityCuisineFetch.m */ = {isa = PBXFileReference; lastKnownFileType = sourcecode.c.objc; path = PJPCityCuisineFetch.m; sourceTree = "<group>"; };
		E20725B224671A55005DDD60 /* PJPCuisine.h */ = {isa = PBXFileReference; lastKnownFileType = sourcecode.c.h; path = PJPCuisine.h; sourceTree = "<group>"; };
		E20725B324671A55005DDD60 /* PJPCuisine.m */ = {isa = PBXFileReference; lastKnownFileType = sourcecode.c.objc; path = PJPCuisine.m; sourceTree = "<group>"; };
		E20725B524674814005DDD60 /* PJPCityRestaurantsFetch.h */ = {isa = PBXFileReference; lastKnownFileType = sourcecode.c.h; path = PJPCityRestaurantsFetch.h; sourceTree = "<group>"; };
		E20725B624674814005DDD60 /* PJPCityRestaurantsFetch.m */ = {isa = PBXFileReference; lastKnownFileType = sourcecode.c.objc; path = PJPCityRestaurantsFetch.m; sourceTree = "<group>"; };
		E20725B82467488F005DDD60 /* CityRestaurantListViewController.swift */ = {isa = PBXFileReference; lastKnownFileType = sourcecode.swift; path = CityRestaurantListViewController.swift; sourceTree = "<group>"; };
		E20725BA24675193005DDD60 /* PJPRestaurant.h */ = {isa = PBXFileReference; lastKnownFileType = sourcecode.c.h; path = PJPRestaurant.h; sourceTree = "<group>"; };
		E20725BB24675193005DDD60 /* PJPRestaurant.m */ = {isa = PBXFileReference; lastKnownFileType = sourcecode.c.objc; path = PJPRestaurant.m; sourceTree = "<group>"; };
		E2B5D95D2464B84900D88593 /* CityCuisineSearch.app */ = {isa = PBXFileReference; explicitFileType = wrapper.application; includeInIndex = 0; path = CityCuisineSearch.app; sourceTree = BUILT_PRODUCTS_DIR; };
		E2B5D9602464B84900D88593 /* AppDelegate.h */ = {isa = PBXFileReference; lastKnownFileType = sourcecode.c.h; path = AppDelegate.h; sourceTree = "<group>"; };
		E2B5D9612464B84900D88593 /* AppDelegate.m */ = {isa = PBXFileReference; lastKnownFileType = sourcecode.c.objc; path = AppDelegate.m; sourceTree = "<group>"; };
		E2B5D9632464B84900D88593 /* SceneDelegate.h */ = {isa = PBXFileReference; lastKnownFileType = sourcecode.c.h; path = SceneDelegate.h; sourceTree = "<group>"; };
		E2B5D9642464B84900D88593 /* SceneDelegate.m */ = {isa = PBXFileReference; lastKnownFileType = sourcecode.c.objc; path = SceneDelegate.m; sourceTree = "<group>"; };
		E2B5D96A2464B84900D88593 /* Base */ = {isa = PBXFileReference; lastKnownFileType = file.storyboard; name = Base; path = Base.lproj/Main.storyboard; sourceTree = "<group>"; };
		E2B5D96C2464B84C00D88593 /* Assets.xcassets */ = {isa = PBXFileReference; lastKnownFileType = folder.assetcatalog; path = Assets.xcassets; sourceTree = "<group>"; };
		E2B5D96F2464B84C00D88593 /* Base */ = {isa = PBXFileReference; lastKnownFileType = file.storyboard; name = Base; path = Base.lproj/LaunchScreen.storyboard; sourceTree = "<group>"; };
		E2B5D9712464B84C00D88593 /* Info.plist */ = {isa = PBXFileReference; lastKnownFileType = text.plist.xml; path = Info.plist; sourceTree = "<group>"; };
		E2B5D9722464B84C00D88593 /* main.m */ = {isa = PBXFileReference; lastKnownFileType = sourcecode.c.objc; path = main.m; sourceTree = "<group>"; };
		E2B5D97D2464B99E00D88593 /* PJPCityFetchController.h */ = {isa = PBXFileReference; lastKnownFileType = sourcecode.c.h; path = PJPCityFetchController.h; sourceTree = "<group>"; };
		E2B5D97E2464B99E00D88593 /* PJPCityFetchController.m */ = {isa = PBXFileReference; lastKnownFileType = sourcecode.c.objc; path = PJPCityFetchController.m; sourceTree = "<group>"; };
		E2B5D9822464C3C200D88593 /* CityCuisineSearch-Bridging-Header.h */ = {isa = PBXFileReference; lastKnownFileType = sourcecode.c.h; path = "CityCuisineSearch-Bridging-Header.h"; sourceTree = "<group>"; };
		E2B5D9832464C3C200D88593 /* CitiesViewController.swift */ = {isa = PBXFileReference; lastKnownFileType = sourcecode.swift; path = CitiesViewController.swift; sourceTree = "<group>"; };
		E2B5D9852464C84500D88593 /* PJPLocation.h */ = {isa = PBXFileReference; lastKnownFileType = sourcecode.c.h; path = PJPLocation.h; sourceTree = "<group>"; };
		E2B5D9862464C84500D88593 /* PJPLocation.m */ = {isa = PBXFileReference; lastKnownFileType = sourcecode.c.objc; path = PJPLocation.m; sourceTree = "<group>"; };
/* End PBXFileReference section */

/* Begin PBXFrameworksBuildPhase section */
		E2B5D95A2464B84900D88593 /* Frameworks */ = {
			isa = PBXFrameworksBuildPhase;
			buildActionMask = 2147483647;
			files = (
			);
			runOnlyForDeploymentPostprocessing = 0;
		};
/* End PBXFrameworksBuildPhase section */

/* Begin PBXGroup section */
		E2B5D9542464B84900D88593 = {
			isa = PBXGroup;
			children = (
				E2B5D95F2464B84900D88593 /* CityCuisineSearch */,
				E2B5D95E2464B84900D88593 /* Products */,
			);
			sourceTree = "<group>";
		};
		E2B5D95E2464B84900D88593 /* Products */ = {
			isa = PBXGroup;
			children = (
				E2B5D95D2464B84900D88593 /* CityCuisineSearch.app */,
			);
			name = Products;
			sourceTree = "<group>";
		};
		E2B5D95F2464B84900D88593 /* CityCuisineSearch */ = {
			isa = PBXGroup;
			children = (
				E2B5D9802464C38000D88593 /* view */,
				E2B5D97B2464B8C900D88593 /* controller */,
				E2B5D97A2464B8AF00D88593 /* model */,
				E2B5D9792464B85A00D88593 /* resources */,
				E2B5D9692464B84900D88593 /* Main.storyboard */,
			);
			path = CityCuisineSearch;
			sourceTree = "<group>";
		};
		E2B5D9792464B85A00D88593 /* resources */ = {
			isa = PBXGroup;
			children = (
				E2B5D9602464B84900D88593 /* AppDelegate.h */,
				E2B5D9612464B84900D88593 /* AppDelegate.m */,
				E2B5D9632464B84900D88593 /* SceneDelegate.h */,
				E2B5D9642464B84900D88593 /* SceneDelegate.m */,
				E2B5D96C2464B84C00D88593 /* Assets.xcassets */,
				E2B5D96E2464B84C00D88593 /* LaunchScreen.storyboard */,
				E2B5D9712464B84C00D88593 /* Info.plist */,
				E2B5D9722464B84C00D88593 /* main.m */,
			);
			path = resources;
			sourceTree = "<group>";
		};
		E2B5D97A2464B8AF00D88593 /* model */ = {
			isa = PBXGroup;
			children = (
				E2B5D9852464C84500D88593 /* PJPLocation.h */,
				E2B5D9862464C84500D88593 /* PJPLocation.m */,
				E20725B224671A55005DDD60 /* PJPCuisine.h */,
				E20725B324671A55005DDD60 /* PJPCuisine.m */,
				E20725BA24675193005DDD60 /* PJPRestaurant.h */,
				E20725BB24675193005DDD60 /* PJPRestaurant.m */,
			);
			path = model;
			sourceTree = "<group>";
		};
		E2B5D97B2464B8C900D88593 /* controller */ = {
			isa = PBXGroup;
			children = (
				E2B5D9812464C39000D88593 /* view controller */,
				E2B5D97C2464B90700D88593 /* model controller */,
			);
			path = controller;
			sourceTree = "<group>";
		};
		E2B5D97C2464B90700D88593 /* model controller */ = {
			isa = PBXGroup;
			children = (
				E2B5D97D2464B99E00D88593 /* PJPCityFetchController.h */,
				E2B5D97E2464B99E00D88593 /* PJPCityFetchController.m */,
				E20725AF246656D4005DDD60 /* PJPCityCuisineFetch.h */,
				E20725B0246656D4005DDD60 /* PJPCityCuisineFetch.m */,
				E20725B524674814005DDD60 /* PJPCityRestaurantsFetch.h */,
				E20725B624674814005DDD60 /* PJPCityRestaurantsFetch.m */,
			);
			path = "model controller";
			sourceTree = "<group>";
		};
		E2B5D9802464C38000D88593 /* view */ = {
			isa = PBXGroup;
			children = (
			);
			path = view;
			sourceTree = "<group>";
		};
		E2B5D9812464C39000D88593 /* view controller */ = {
			isa = PBXGroup;
			children = (
				E2B5D9822464C3C200D88593 /* CityCuisineSearch-Bridging-Header.h */,
				E2017EDE24664E6800E628F5 /* CuisineListViewController.swift */,
				E20725B82467488F005DDD60 /* CityRestaurantListViewController.swift */,
				E2B5D9832464C3C200D88593 /* CitiesViewController.swift */,
				E2017EDC2466445B00E628F5 /* CityTableViewCell.swift */,
			);
			path = "view controller";
			sourceTree = "<group>";
		};
/* End PBXGroup section */

/* Begin PBXNativeTarget section */
		E2B5D95C2464B84900D88593 /* CityCuisineSearch */ = {
			isa = PBXNativeTarget;
			buildConfigurationList = E2B5D9762464B84C00D88593 /* Build configuration list for PBXNativeTarget "CityCuisineSearch" */;
			buildPhases = (
				E2B5D9592464B84900D88593 /* Sources */,
				E2B5D95A2464B84900D88593 /* Frameworks */,
				E2B5D95B2464B84900D88593 /* Resources */,
			);
			buildRules = (
			);
			dependencies = (
			);
			name = CityCuisineSearch;
			productName = CityCuisineSearch;
			productReference = E2B5D95D2464B84900D88593 /* CityCuisineSearch.app */;
			productType = "com.apple.product-type.application";
		};
/* End PBXNativeTarget section */

/* Begin PBXProject section */
		E2B5D9552464B84900D88593 /* Project object */ = {
			isa = PBXProject;
			attributes = {
				LastUpgradeCheck = 1140;
				ORGANIZATIONNAME = "Pete Parks";
				TargetAttributes = {
					E2B5D95C2464B84900D88593 = {
						CreatedOnToolsVersion = 11.4.1;
						LastSwiftMigration = 1140;
					};
				};
			};
			buildConfigurationList = E2B5D9582464B84900D88593 /* Build configuration list for PBXProject "CityCuisineSearch" */;
			compatibilityVersion = "Xcode 9.3";
			developmentRegion = en;
			hasScannedForEncodings = 0;
			knownRegions = (
				en,
				Base,
			);
			mainGroup = E2B5D9542464B84900D88593;
			productRefGroup = E2B5D95E2464B84900D88593 /* Products */;
			projectDirPath = "";
			projectRoot = "";
			targets = (
				E2B5D95C2464B84900D88593 /* CityCuisineSearch */,
			);
		};
/* End PBXProject section */

/* Begin PBXResourcesBuildPhase section */
		E2B5D95B2464B84900D88593 /* Resources */ = {
			isa = PBXResourcesBuildPhase;
			buildActionMask = 2147483647;
			files = (
				E2B5D9702464B84C00D88593 /* LaunchScreen.storyboard in Resources */,
				E2B5D96D2464B84C00D88593 /* Assets.xcassets in Resources */,
				E2B5D96B2464B84900D88593 /* Main.storyboard in Resources */,
			);
			runOnlyForDeploymentPostprocessing = 0;
		};
/* End PBXResourcesBuildPhase section */

/* Begin PBXSourcesBuildPhase section */
		E2B5D9592464B84900D88593 /* Sources */ = {
			isa = PBXSourcesBuildPhase;
			buildActionMask = 2147483647;
			files = (
				E2B5D97F2464B99E00D88593 /* PJPCityFetchController.m in Sources */,
				E2017EDD2466445B00E628F5 /* CityTableViewCell.swift in Sources */,
				E2B5D9872464C84500D88593 /* PJPLocation.m in Sources */,
				E2B5D9842464C3C200D88593 /* CitiesViewController.swift in Sources */,
				E2B5D9622464B84900D88593 /* AppDelegate.m in Sources */,
				E20725B1246656D4005DDD60 /* PJPCityCuisineFetch.m in Sources */,
				E2017EDF24664E6800E628F5 /* CuisineListViewController.swift in Sources */,
				E2B5D9732464B84C00D88593 /* main.m in Sources */,
				E2B5D9652464B84900D88593 /* SceneDelegate.m in Sources */,
				E20725B424671A55005DDD60 /* PJPCuisine.m in Sources */,
				E20725B92467488F005DDD60 /* CityRestaurantListViewController.swift in Sources */,
				E20725B724674814005DDD60 /* PJPCityRestaurantsFetch.m in Sources */,
				E20725BC24675193005DDD60 /* PJPRestaurant.m in Sources */,
			);
			runOnlyForDeploymentPostprocessing = 0;
		};
/* End PBXSourcesBuildPhase section */

/* Begin PBXVariantGroup section */
		E2B5D9692464B84900D88593 /* Main.storyboard */ = {
			isa = PBXVariantGroup;
			children = (
				E2B5D96A2464B84900D88593 /* Base */,
			);
			name = Main.storyboard;
			sourceTree = "<group>";
		};
		E2B5D96E2464B84C00D88593 /* LaunchScreen.storyboard */ = {
			isa = PBXVariantGroup;
			children = (
				E2B5D96F2464B84C00D88593 /* Base */,
			);
			name = LaunchScreen.storyboard;
			sourceTree = "<group>";
		};
/* End PBXVariantGroup section */

/* Begin XCBuildConfiguration section */
		E2B5D9742464B84C00D88593 /* Debug */ = {
			isa = XCBuildConfiguration;
			buildSettings = {
				ALWAYS_SEARCH_USER_PATHS = NO;
				CLANG_ANALYZER_NONNULL = YES;
				CLANG_ANALYZER_NUMBER_OBJECT_CONVERSION = YES_AGGRESSIVE;
				CLANG_CXX_LANGUAGE_STANDARD = "gnu++14";
				CLANG_CXX_LIBRARY = "libc++";
				CLANG_ENABLE_MODULES = YES;
				CLANG_ENABLE_OBJC_ARC = YES;
				CLANG_ENABLE_OBJC_WEAK = YES;
				CLANG_WARN_BLOCK_CAPTURE_AUTORELEASING = YES;
				CLANG_WARN_BOOL_CONVERSION = YES;
				CLANG_WARN_COMMA = YES;
				CLANG_WARN_CONSTANT_CONVERSION = YES;
				CLANG_WARN_DEPRECATED_OBJC_IMPLEMENTATIONS = YES;
				CLANG_WARN_DIRECT_OBJC_ISA_USAGE = YES_ERROR;
				CLANG_WARN_DOCUMENTATION_COMMENTS = YES;
				CLANG_WARN_EMPTY_BODY = YES;
				CLANG_WARN_ENUM_CONVERSION = YES;
				CLANG_WARN_INFINITE_RECURSION = YES;
				CLANG_WARN_INT_CONVERSION = YES;
				CLANG_WARN_NON_LITERAL_NULL_CONVERSION = YES;
				CLANG_WARN_OBJC_IMPLICIT_RETAIN_SELF = YES;
				CLANG_WARN_OBJC_LITERAL_CONVERSION = YES;
				CLANG_WARN_OBJC_ROOT_CLASS = YES_ERROR;
				CLANG_WARN_RANGE_LOOP_ANALYSIS = YES;
				CLANG_WARN_STRICT_PROTOTYPES = YES;
				CLANG_WARN_SUSPICIOUS_MOVE = YES;
				CLANG_WARN_UNGUARDED_AVAILABILITY = YES_AGGRESSIVE;
				CLANG_WARN_UNREACHABLE_CODE = YES;
				CLANG_WARN__DUPLICATE_METHOD_MATCH = YES;
				COPY_PHASE_STRIP = NO;
				DEBUG_INFORMATION_FORMAT = dwarf;
				ENABLE_STRICT_OBJC_MSGSEND = YES;
				ENABLE_TESTABILITY = YES;
				GCC_C_LANGUAGE_STANDARD = gnu11;
				GCC_DYNAMIC_NO_PIC = NO;
				GCC_NO_COMMON_BLOCKS = YES;
				GCC_OPTIMIZATION_LEVEL = 0;
				GCC_PREPROCESSOR_DEFINITIONS = (
					"DEBUG=1",
					"$(inherited)",
				);
				GCC_WARN_64_TO_32_BIT_CONVERSION = YES;
				GCC_WARN_ABOUT_RETURN_TYPE = YES_ERROR;
				GCC_WARN_UNDECLARED_SELECTOR = YES;
				GCC_WARN_UNINITIALIZED_AUTOS = YES_AGGRESSIVE;
				GCC_WARN_UNUSED_FUNCTION = YES;
				GCC_WARN_UNUSED_VARIABLE = YES;
				IPHONEOS_DEPLOYMENT_TARGET = 13.4;
				MTL_ENABLE_DEBUG_INFO = INCLUDE_SOURCE;
				MTL_FAST_MATH = YES;
				ONLY_ACTIVE_ARCH = YES;
				SDKROOT = iphoneos;
			};
			name = Debug;
		};
		E2B5D9752464B84C00D88593 /* Release */ = {
			isa = XCBuildConfiguration;
			buildSettings = {
				ALWAYS_SEARCH_USER_PATHS = NO;
				CLANG_ANALYZER_NONNULL = YES;
				CLANG_ANALYZER_NUMBER_OBJECT_CONVERSION = YES_AGGRESSIVE;
				CLANG_CXX_LANGUAGE_STANDARD = "gnu++14";
				CLANG_CXX_LIBRARY = "libc++";
				CLANG_ENABLE_MODULES = YES;
				CLANG_ENABLE_OBJC_ARC = YES;
				CLANG_ENABLE_OBJC_WEAK = YES;
				CLANG_WARN_BLOCK_CAPTURE_AUTORELEASING = YES;
				CLANG_WARN_BOOL_CONVERSION = YES;
				CLANG_WARN_COMMA = YES;
				CLANG_WARN_CONSTANT_CONVERSION = YES;
				CLANG_WARN_DEPRECATED_OBJC_IMPLEMENTATIONS = YES;
				CLANG_WARN_DIRECT_OBJC_ISA_USAGE = YES_ERROR;
				CLANG_WARN_DOCUMENTATION_COMMENTS = YES;
				CLANG_WARN_EMPTY_BODY = YES;
				CLANG_WARN_ENUM_CONVERSION = YES;
				CLANG_WARN_INFINITE_RECURSION = YES;
				CLANG_WARN_INT_CONVERSION = YES;
				CLANG_WARN_NON_LITERAL_NULL_CONVERSION = YES;
				CLANG_WARN_OBJC_IMPLICIT_RETAIN_SELF = YES;
				CLANG_WARN_OBJC_LITERAL_CONVERSION = YES;
				CLANG_WARN_OBJC_ROOT_CLASS = YES_ERROR;
				CLANG_WARN_RANGE_LOOP_ANALYSIS = YES;
				CLANG_WARN_STRICT_PROTOTYPES = YES;
				CLANG_WARN_SUSPICIOUS_MOVE = YES;
				CLANG_WARN_UNGUARDED_AVAILABILITY = YES_AGGRESSIVE;
				CLANG_WARN_UNREACHABLE_CODE = YES;
				CLANG_WARN__DUPLICATE_METHOD_MATCH = YES;
				COPY_PHASE_STRIP = NO;
				DEBUG_INFORMATION_FORMAT = "dwarf-with-dsym";
				ENABLE_NS_ASSERTIONS = NO;
				ENABLE_STRICT_OBJC_MSGSEND = YES;
				GCC_C_LANGUAGE_STANDARD = gnu11;
				GCC_NO_COMMON_BLOCKS = YES;
				GCC_WARN_64_TO_32_BIT_CONVERSION = YES;
				GCC_WARN_ABOUT_RETURN_TYPE = YES_ERROR;
				GCC_WARN_UNDECLARED_SELECTOR = YES;
				GCC_WARN_UNINITIALIZED_AUTOS = YES_AGGRESSIVE;
				GCC_WARN_UNUSED_FUNCTION = YES;
				GCC_WARN_UNUSED_VARIABLE = YES;
				IPHONEOS_DEPLOYMENT_TARGET = 13.4;
				MTL_ENABLE_DEBUG_INFO = NO;
				MTL_FAST_MATH = YES;
				SDKROOT = iphoneos;
				VALIDATE_PRODUCT = YES;
			};
			name = Release;
		};
		E2B5D9772464B84C00D88593 /* Debug */ = {
			isa = XCBuildConfiguration;
			buildSettings = {
				ASSETCATALOG_COMPILER_APPICON_NAME = AppIcon;
				CLANG_ENABLE_MODULES = YES;
				CODE_SIGN_STYLE = Automatic;
				DEVELOPMENT_TEAM = 774YDXH43D;
				INFOPLIST_FILE = CityCuisineSearch/resources/Info.plist;
				LD_RUNPATH_SEARCH_PATHS = (
					"$(inherited)",
					"@executable_path/Frameworks",
				);
				PRODUCT_BUNDLE_IDENTIFIER = com.peteparks.CityCuisineSearch;
				PRODUCT_NAME = "$(TARGET_NAME)";
				SWIFT_OBJC_BRIDGING_HEADER = "CityCuisineSearch/controller/view controller/CityCuisineSearch-Bridging-Header.h";
				SWIFT_OPTIMIZATION_LEVEL = "-Onone";
				SWIFT_VERSION = 5.0;
				TARGETED_DEVICE_FAMILY = "1,2";
			};
			name = Debug;
		};
		E2B5D9782464B84C00D88593 /* Release */ = {
			isa = XCBuildConfiguration;
			buildSettings = {
				ASSETCATALOG_COMPILER_APPICON_NAME = AppIcon;
				CLANG_ENABLE_MODULES = YES;
				CODE_SIGN_STYLE = Automatic;
				DEVELOPMENT_TEAM = 774YDXH43D;
				INFOPLIST_FILE = CityCuisineSearch/resources/Info.plist;
				LD_RUNPATH_SEARCH_PATHS = (
					"$(inherited)",
					"@executable_path/Frameworks",
				);
				PRODUCT_BUNDLE_IDENTIFIER = com.peteparks.CityCuisineSearch;
				PRODUCT_NAME = "$(TARGET_NAME)";
				SWIFT_OBJC_BRIDGING_HEADER = "CityCuisineSearch/controller/view controller/CityCuisineSearch-Bridging-Header.h";
				SWIFT_VERSION = 5.0;
				TARGETED_DEVICE_FAMILY = "1,2";
			};
			name = Release;
		};
/* End XCBuildConfiguration section */

/* Begin XCConfigurationList section */
		E2B5D9582464B84900D88593 /* Build configuration list for PBXProject "CityCuisineSearch" */ = {
			isa = XCConfigurationList;
			buildConfigurations = (
				E2B5D9742464B84C00D88593 /* Debug */,
				E2B5D9752464B84C00D88593 /* Release */,
			);
			defaultConfigurationIsVisible = 0;
			defaultConfigurationName = Release;
		};
		E2B5D9762464B84C00D88593 /* Build configuration list for PBXNativeTarget "CityCuisineSearch" */ = {
			isa = XCConfigurationList;
			buildConfigurations = (
				E2B5D9772464B84C00D88593 /* Debug */,
				E2B5D9782464B84C00D88593 /* Release */,
			);
			defaultConfigurationIsVisible = 0;
			defaultConfigurationName = Release;
		};
/* End XCConfigurationList section */
	};
	rootObject = E2B5D9552464B84900D88593 /* Project object */;
}
